
Microsoft Visual Studio Solution File, Format Version 12.00
# Visual Studio Version 17
VisualStudioVersion = 17.0.31903.59
MinimumVisualStudioVersion = 10.0.40219.1
Project("{FAE04EC0-301F-11D3-BF4B-00C04F79EFBC}") = "laserTagSystem.Domain", "src\laserTagSystem.Domain\laserTagSystem.Domain.csproj", "{2D92A0D0-BDF8-4E86-A18B-69D5923D55D3}"
EndProject
Project("{FAE04EC0-301F-11D3-BF4B-00C04F79EFBC}") = "laserTagSystem.Application", "src\laserTagSystem.Application\laserTagSystem.Application.csproj", "{73E4EEDD-F98A-497B-8F3E-AE9BBA06CD3B}"
EndProject
Project("{FAE04EC0-301F-11D3-BF4B-00C04F79EFBC}") = "laserTagSystem.Infrastructure", "src\laserTagSystem.Infrastructure\laserTagSystem.Infrastructure.csproj", "{9390BBBF-643A-4BDC-995D-F3AD7E8BC549}"
EndProject
Project("{FAE04EC0-301F-11D3-BF4B-00C04F79EFBC}") = "laserTagSystem.API", "src\laserTagSystem.API\laserTagSystem.API.csproj", "{9AFEBB7A-5EAC-4180-80F4-43FFDFC6123C}"
EndProject
Global
	GlobalSection(SolutionConfigurationPlatforms) = preSolution
		Debug|Any CPU = Debug|Any CPU
		Release|Any CPU = Release|Any CPU
	EndGlobalSection
	GlobalSection(SolutionProperties) = preSolution
		HideSolutionNode = FALSE
	EndGlobalSection
	GlobalSection(ProjectConfigurationPlatforms) = postSolution
		{2D92A0D0-BDF8-4E86-A18B-69D5923D55D3}.Debug|Any CPU.ActiveCfg = Debug|Any CPU
		{2D92A0D0-BDF8-4E86-A18B-69D5923D55D3}.Debug|Any CPU.Build.0 = Debug|Any CPU
		{2D92A0D0-BDF8-4E86-A18B-69D5923D55D3}.Release|Any CPU.ActiveCfg = Release|Any CPU
		{2D92A0D0-BDF8-4E86-A18B-69D5923D55D3}.Release|Any CPU.Build.0 = Release|Any CPU
		{73E4EEDD-F98A-497B-8F3E-AE9BBA06CD3B}.Debug|Any CPU.ActiveCfg = Debug|Any CPU
		{73E4EEDD-F98A-497B-8F3E-AE9BBA06CD3B}.Debug|Any CPU.Build.0 = Debug|Any CPU
		{73E4EEDD-F98A-497B-8F3E-AE9BBA06CD3B}.Release|Any CPU.ActiveCfg = Release|Any CPU
		{73E4EEDD-F98A-497B-8F3E-AE9BBA06CD3B}.Release|Any CPU.Build.0 = Release|Any CPU
		{9390BBBF-643A-4BDC-995D-F3AD7E8BC549}.Debug|Any CPU.ActiveCfg = Debug|Any CPU
		{9390BBBF-643A-4BDC-995D-F3AD7E8BC549}.Debug|Any CPU.Build.0 = Debug|Any CPU
		{9390BBBF-643A-4BDC-995D-F3AD7E8BC549}.Release|Any CPU.ActiveCfg = Release|Any CPU
		{9390BBBF-643A-4BDC-995D-F3AD7E8BC549}.Release|Any CPU.Build.0 = Release|Any CPU
		{9AFEBB7A-5EAC-4180-80F4-43FFDFC6123C}.Debug|Any CPU.ActiveCfg = Debug|Any CPU
		{9AFEBB7A-5EAC-4180-80F4-43FFDFC6123C}.Debug|Any CPU.Build.0 = Debug|Any CPU
		{9AFEBB7A-5EAC-4180-80F4-43FFDFC6123C}.Release|Any CPU.ActiveCfg = Release|Any CPU
		{9AFEBB7A-5EAC-4180-80F4-43FFDFC6123C}.Release|Any CPU.Build.0 = Release|Any CPU
	EndGlobalSection
EndGlobal
